lockVersion: 2.0.0
id: 69d1b74b-cc61-4810-a8ec-8c83ba93c129
management:
  docChecksum: ef114f2784affd3575c7f504961b680d
  docVersion: 1.0.0
  speakeasyVersion: internal
  generationVersion: internal
  releaseVersion: 0.4.4
  configChecksum: 4dc178b9c7da50f1a6ecf21527fc6f3d
features:
  typescript:
    constsAndDefaults: 0.1.1
    core: 3.4.7
    flattening: 2.81.1
    globalServerURLs: 2.82.1
    methodServerURLs: 2.82.1
    pagination: 2.82.0
    serverEvents: 0.1.0
    unions: 2.85.0
generatedFiles:
  - src/sdk/pets.ts
  - src/sdk/files.ts
  - src/sdk/llm.ts
  - src/sdk/banking.ts
  - src/sdk/sdk.ts
  - .eslintrc.js
  - .npmignore
  - RUNTIMES.md
  - package-lock.json
  - package.json
  - src/index.ts
  - src/lib/base64.ts
  - src/lib/config.ts
  - src/lib/encodings.ts
  - src/lib/event-streams.ts
  - src/lib/http.ts
  - src/lib/retries.ts
  - src/lib/sdks.ts
  - src/lib/security.ts
  - src/lib/url.ts
  - src/sdk/index.ts
  - src/models/errors/sdkerror.ts
  - src/types/blobs.ts
  - src/types/decimal.ts
  - src/types/index.ts
  - src/types/operations.ts
  - src/types/rfcdate.ts
  - tsconfig.json
  - src/models/operations/adopt.ts
  - src/models/operations/upload.ts
  - src/models/operations/chat.ts
  - src/models/operations/transact.ts
  - src/models/operations/listtransactions.ts
  - src/models/components/pet.ts
  - src/models/components/dog.ts
  - src/models/components/cat.ts
  - src/models/components/uploadresult.ts
  - src/models/components/uploadform.ts
  - src/models/components/chatstream.ts
  - src/models/components/chatcompletionchunk.ts
  - src/models/components/chatcompletionsentinel.ts
  - src/models/components/chatrequest.ts
  - src/models/components/transaction.ts
  - src/models/components/transactions.ts
  - src/models/errors/index.ts
  - src/models/operations/index.ts
  - src/models/components/index.ts
  - docs/models/operations/adoptresponse.md
  - docs/models/operations/uploadresponse.md
  - docs/models/operations/chatresponse.md
  - docs/models/operations/currency.md
  - docs/models/operations/transactrequestbody.md
  - docs/models/operations/transactrequest.md
  - docs/models/operations/transactresponse.md
  - docs/models/operations/listtransactionsrequest.md
  - docs/models/operations/listtransactionsresponse.md
  - docs/models/components/pet.md
  - docs/models/components/dog.md
  - docs/models/components/cat.md
  - docs/types/rfcdate.md
  - docs/models/components/uploadresult.md
  - docs/models/components/filet.md
  - docs/models/components/uploadform.md
  - docs/models/components/chatstream.md
  - docs/models/components/data.md
  - docs/models/components/chatcompletionchunk.md
  - docs/models/components/chatcompletionsentinel.md
  - docs/models/components/chatrequest.md
  - docs/models/components/currency.md
  - docs/models/components/transaction.md
  - docs/models/components/transactions.md
  - docs/sdks/sdk/README.md
  - docs/sdks/pets/README.md
  - docs/sdks/files/README.md
  - docs/sdks/llm/README.md
  - docs/sdks/banking/README.md
  - USAGE.md
  - .gitattributes
